
Microsoft Visual Studio Solution File, Format Version 12.00
# Visual Studio 2012
Project("{FAE04EC0-301F-11D3-BF4B-00C04F79EFBC}") = "dotNet.Example", "dotNet.Example\dotNet.Example.csproj", "{C5060738-642E-4EF4-ACC3-2F0EE5119475}"
EndProject
Global
	GlobalSection(SolutionConfigurationPlatforms) = preSolution
		Debug|Any CPU = Debug|Any CPU
		Release|Any CPU = Release|Any CPU
	EndGlobalSection
	GlobalSection(ProjectConfigurationPlatforms) = postSolution
		{C5060738-642E-4EF4-ACC3-2F0EE5119475}.Debug|Any CPU.ActiveCfg = Debug|Any CPU
		{C5060738-642E-4EF4-ACC3-2F0EE5119475}.Debug|Any CPU.Build.0 = Debug|Any CPU
		{C5060738-642E-4EF4-ACC3-2F0EE5119475}.Release|Any CPU.ActiveCfg = Release|Any CPU
		{C5060738-642E-4EF4-ACC3-2F0EE5119475}.Release|Any CPU.Build.0 = Release|Any CPU
	EndGlobalSection
	GlobalSection(SolutionProperties) = preSolution
		HideSolutionNode = FALSE
	EndGlobalSection
EndGlobal
